
Microsoft Visual Studio Solution File, Format Version 12.00
# Visual Studio Version 17
VisualStudioVersion = 17.7.34031.279
MinimumVisualStudioVersion = 10.0.40219.1
Project("{FAE04EC0-301F-11D3-BF4B-00C04F79EFBC}") = "RevitMainTool", "RevitMainTool\RevitMainTool\RevitMainTool.csproj", "{7FE549FC-5E67-42EC-9739-4AC954B2299D}"
EndProject
Project("{FAE04EC0-301F-11D3-BF4B-00C04F79EFBC}") = "RevitMainTool.Configuration", "RevitMainTool\RevitMainTool.Configuration\RevitMainTool.Configuration.csproj", "{5BAFE162-5A0B-4DA3-B7CF-03361BEBCF7A}"
EndProject
Project("{54435603-DBB4-11D2-8724-00A0C9A8B90C}") = "RevitMainTool.Setup", "RevitMainTool\RevitMainTool.Setup\RevitMainTool.Setup.vdproj", "{49F975E7-480A-4659-B262-722663690276}"
EndProject
Global
	GlobalSection(SolutionConfigurationPlatforms) = preSolution
		Debug|Any CPU = Debug|Any CPU
		Release|Any CPU = Release|Any CPU
	EndGlobalSection
	GlobalSection(ProjectConfigurationPlatforms) = postSolution
		{7FE549FC-5E67-42EC-9739-4AC954B2299D}.Debug|Any CPU.ActiveCfg = Debug|Any CPU
		{7FE549FC-5E67-42EC-9739-4AC954B2299D}.Debug|Any CPU.Build.0 = Debug|Any CPU
		{7FE549FC-5E67-42EC-9739-4AC954B2299D}.Release|Any CPU.ActiveCfg = Release|Any CPU
		{7FE549FC-5E67-42EC-9739-4AC954B2299D}.Release|Any CPU.Build.0 = Release|Any CPU
		{5BAFE162-5A0B-4DA3-B7CF-03361BEBCF7A}.Debug|Any CPU.ActiveCfg = Debug|Any CPU
		{5BAFE162-5A0B-4DA3-B7CF-03361BEBCF7A}.Debug|Any CPU.Build.0 = Debug|Any CPU
		{5BAFE162-5A0B-4DA3-B7CF-03361BEBCF7A}.Release|Any CPU.ActiveCfg = Release|Any CPU
		{5BAFE162-5A0B-4DA3-B7CF-03361BEBCF7A}.Release|Any CPU.Build.0 = Release|Any CPU
		{49F975E7-480A-4659-B262-722663690276}.Debug|Any CPU.ActiveCfg = Debug
		{49F975E7-480A-4659-B262-722663690276}.Debug|Any CPU.Build.0 = Debug
		{49F975E7-480A-4659-B262-722663690276}.Release|Any CPU.ActiveCfg = Release
		{49F975E7-480A-4659-B262-722663690276}.Release|Any CPU.Build.0 = Release
	EndGlobalSection
	GlobalSection(SolutionProperties) = preSolution
		HideSolutionNode = FALSE
	EndGlobalSection
	GlobalSection(ExtensibilityGlobals) = postSolution
		SolutionGuid = {E3441CF5-A3EC-40DE-AC2B-395B7A531352}
	EndGlobalSection
EndGlobal
